<?xml version="1.0" encoding="utf-8"?>
<Project ToolsVersion="4.0" xmlns="http://schemas.microsoft.com/developer/msbuild/2003">
  <ItemGroup>
    <ClCompile Include="..\..\src\main.cpp" />
    <ClCompile Include="..\..\src\Game.cpp" />
    <ClCompile Include="..\..\src\View.cpp" />
    <ClCompile Include="..\..\src\Unit.cpp" />
    <ClCompile Include="..\..\src\Soldier.cpp" />
    <ClCompile Include="..\..\src\Hero.cpp" />
    <ClCompile Include="..\..\src\Rifleman.cpp" />
    <ClCompile Include="..\..\src\Bullet.cpp" />
    <ClCompile Include="..\..\src\Puff.cpp" />
    <ClCompile Include="..\..\src\Blood.cpp" />
  </ItemGroup>
  <ItemGroup>
    <ClInclude Include="..\..\src\Game.h" />
    <ClInclude Include="..\..\src\View.h" />
    <ClInclude Include="..\..\src\Unit.h" />
    <ClInclude Include="..\..\src\Soldier.h" />
    <ClInclude Include="..\..\src\Hero.h" />
    <ClInclude Include="..\..\src\Rifleman.h" />
    <ClInclude Include="..\..\src\Bullet.h" />
    <ClInclude Include="..\..\src\Puff.h" />
    <ClInclude Include="..\..\src\Blood.h" />
  </ItemGroup>
</Project>